
Microsoft Visual Studio Solution File, Format Version 12.00
# Visual Studio Version 16
VisualStudioVersion = 16.0.30011.22
MinimumVisualStudioVersion = 10.0.40219.1
Project("{FAE04EC0-301F-11D3-BF4B-00C04F79EFBC}") = "OnlineShop.Web", "OnlineShop.Web\OnlineShop.Web.csproj", "{FBF8D1FB-8587-49B5-88B9-E9E852A0CAE6}"
EndProject
Project("{FAE04EC0-301F-11D3-BF4B-00C04F79EFBC}") = "OnlineShop.Services", "OnlineShop.Services\OnlineShop.Services.csproj", "{CAF63CB9-2FB0-4866-A284-A73EC5AB20A9}"
EndProject
Project("{FAE04EC0-301F-11D3-BF4B-00C04F79EFBC}") = "OnlineShop.Data", "OnlineShop.Data\OnlineShop.Data.csproj", "{335547CE-1D40-4BB7-A832-7DBBBFB40882}"
EndProject
Global
	GlobalSection(SolutionConfigurationPlatforms) = preSolution
		Debug|Any CPU = Debug|Any CPU
		Release|Any CPU = Release|Any CPU
	EndGlobalSection
	GlobalSection(ProjectConfigurationPlatforms) = postSolution
		{FBF8D1FB-8587-49B5-88B9-E9E852A0CAE6}.Debug|Any CPU.ActiveCfg = Debug|Any CPU
		{FBF8D1FB-8587-49B5-88B9-E9E852A0CAE6}.Debug|Any CPU.Build.0 = Debug|Any CPU
		{FBF8D1FB-8587-49B5-88B9-E9E852A0CAE6}.Release|Any CPU.ActiveCfg = Release|Any CPU
		{FBF8D1FB-8587-49B5-88B9-E9E852A0CAE6}.Release|Any CPU.Build.0 = Release|Any CPU
		{CAF63CB9-2FB0-4866-A284-A73EC5AB20A9}.Debug|Any CPU.ActiveCfg = Debug|Any CPU
		{CAF63CB9-2FB0-4866-A284-A73EC5AB20A9}.Debug|Any CPU.Build.0 = Debug|Any CPU
		{CAF63CB9-2FB0-4866-A284-A73EC5AB20A9}.Release|Any CPU.ActiveCfg = Release|Any CPU
		{CAF63CB9-2FB0-4866-A284-A73EC5AB20A9}.Release|Any CPU.Build.0 = Release|Any CPU
		{335547CE-1D40-4BB7-A832-7DBBBFB40882}.Debug|Any CPU.ActiveCfg = Debug|Any CPU
		{335547CE-1D40-4BB7-A832-7DBBBFB40882}.Debug|Any CPU.Build.0 = Debug|Any CPU
		{335547CE-1D40-4BB7-A832-7DBBBFB40882}.Release|Any CPU.ActiveCfg = Release|Any CPU
		{335547CE-1D40-4BB7-A832-7DBBBFB40882}.Release|Any CPU.Build.0 = Release|Any CPU
	EndGlobalSection
	GlobalSection(SolutionProperties) = preSolution
		HideSolutionNode = FALSE
	EndGlobalSection
	GlobalSection(ExtensibilityGlobals) = postSolution
		SolutionGuid = {D9D1A277-0973-4C5C-8C20-A35CA2463062}
	EndGlobalSection
EndGlobal
